
Microsoft Visual Studio Solution File, Format Version 12.00
# Visual Studio Version 16
VisualStudioVersion = 16.0.30011.22
MinimumVisualStudioVersion = 10.0.40219.1
Project("{FAE04EC0-301F-11D3-BF4B-00C04F79EFBC}") = "TestConsoleApplication", "TestConsoleApplication\TestConsoleApplication.csproj", "{C3FE8ACB-688B-47E4-9E62-0EE09B0435E1}"
EndProject
Project("{9A19103F-16F7-4668-BE54-9A1E7A4F7556}") = "LINQtoCSV", "LINQtoCSV\LINQtoCSV.csproj", "{07058BF9-6F86-40FF-AE33-2A4F89B5758A}"
EndProject
Project("{FAE04EC0-301F-11D3-BF4B-00C04F79EFBC}") = "SampleCode", "SampleCode\SampleCode.csproj", "{EEFD875B-5D48-41F4-80FD-5FAE3725ED83}"
EndProject
Project("{FAE04EC0-301F-11D3-BF4B-00C04F79EFBC}") = "LINQtoCSV.Tests", "LINQtoCSV.Tests\LINQtoCSV.Tests.csproj", "{04EE17CD-E7B3-4D58-BF84-E553F5332A14}"
EndProject
Project("{2150E333-8FDC-42A3-9474-1A3956D46DE8}") = "Solution Items", "Solution Items", "{23664B5F-ED48-4718-94B7-C1A65CDA45EE}"
	ProjectSection(SolutionItems) = preProject
		LINQtoCSV.vsmdi = LINQtoCSV.vsmdi
		Local.testsettings = Local.testsettings
		TraceAndTestImpact.testsettings = TraceAndTestImpact.testsettings
	EndProjectSection
EndProject
Global
	GlobalSection(SolutionConfigurationPlatforms) = preSolution
		Debug|Any CPU = Debug|Any CPU
		Release|Any CPU = Release|Any CPU
	EndGlobalSection
	GlobalSection(ProjectConfigurationPlatforms) = postSolution
		{C3FE8ACB-688B-47E4-9E62-0EE09B0435E1}.Debug|Any CPU.ActiveCfg = Debug|Any CPU
		{C3FE8ACB-688B-47E4-9E62-0EE09B0435E1}.Debug|Any CPU.Build.0 = Debug|Any CPU
		{C3FE8ACB-688B-47E4-9E62-0EE09B0435E1}.Release|Any CPU.ActiveCfg = Release|Any CPU
		{C3FE8ACB-688B-47E4-9E62-0EE09B0435E1}.Release|Any CPU.Build.0 = Release|Any CPU
		{07058BF9-6F86-40FF-AE33-2A4F89B5758A}.Debug|Any CPU.ActiveCfg = Debug|Any CPU
		{07058BF9-6F86-40FF-AE33-2A4F89B5758A}.Debug|Any CPU.Build.0 = Debug|Any CPU
		{07058BF9-6F86-40FF-AE33-2A4F89B5758A}.Release|Any CPU.ActiveCfg = Release|Any CPU
		{07058BF9-6F86-40FF-AE33-2A4F89B5758A}.Release|Any CPU.Build.0 = Release|Any CPU
		{EEFD875B-5D48-41F4-80FD-5FAE3725ED83}.Debug|Any CPU.ActiveCfg = Debug|Any CPU
		{EEFD875B-5D48-41F4-80FD-5FAE3725ED83}.Debug|Any CPU.Build.0 = Debug|Any CPU
		{EEFD875B-5D48-41F4-80FD-5FAE3725ED83}.Release|Any CPU.ActiveCfg = Release|Any CPU
		{EEFD875B-5D48-41F4-80FD-5FAE3725ED83}.Release|Any CPU.Build.0 = Release|Any CPU
		{04EE17CD-E7B3-4D58-BF84-E553F5332A14}.Debug|Any CPU.ActiveCfg = Debug|Any CPU
		{04EE17CD-E7B3-4D58-BF84-E553F5332A14}.Debug|Any CPU.Build.0 = Debug|Any CPU
		{04EE17CD-E7B3-4D58-BF84-E553F5332A14}.Release|Any CPU.ActiveCfg = Release|Any CPU
		{04EE17CD-E7B3-4D58-BF84-E553F5332A14}.Release|Any CPU.Build.0 = Release|Any CPU
	EndGlobalSection
	GlobalSection(SolutionProperties) = preSolution
		HideSolutionNode = FALSE
	EndGlobalSection
	GlobalSection(ExtensibilityGlobals) = postSolution
		SolutionGuid = {C2A9FCEA-4AD6-4BFA-A93C-DC91D0843F06}
	EndGlobalSection
	GlobalSection(TestCaseManagementSettings) = postSolution
		CategoryFile = LINQtoCSV.vsmdi
	EndGlobalSection
EndGlobal
