
Microsoft Visual Studio Solution File, Format Version 11.00
# Visual Studio 2010
Project("{FAE04EC0-301F-11D3-BF4B-00C04F79EFBC}") = "TestConsoleApplication", "TestConsoleApplication\TestConsoleApplication.csproj", "{C3FE8ACB-688B-47E4-9E62-0EE09B0435E1}"
EndProject
Project("{FAE04EC0-301F-11D3-BF4B-00C04F79EFBC}") = "LINQtoCSV", "LINQtoCSV\LINQtoCSV.csproj", "{07058BF9-6F86-40FF-AE33-2A4F89B5758A}"
EndProject
Project("{FAE04EC0-301F-11D3-BF4B-00C04F79EFBC}") = "SampleCode", "SampleCode\SampleCode.csproj", "{EEFD875B-5D48-41F4-80FD-5FAE3725ED83}"
EndProject
Global
	GlobalSection(SolutionConfigurationPlatforms) = preSolution
		Debug|Any CPU = Debug|Any CPU
		Release|Any CPU = Release|Any CPU
	EndGlobalSection
	GlobalSection(ProjectConfigurationPlatforms) = postSolution
		{C3FE8ACB-688B-47E4-9E62-0EE09B0435E1}.Debug|Any CPU.ActiveCfg = Debug|Any CPU
		{C3FE8ACB-688B-47E4-9E62-0EE09B0435E1}.Debug|Any CPU.Build.0 = Debug|Any CPU
		{C3FE8ACB-688B-47E4-9E62-0EE09B0435E1}.Release|Any CPU.ActiveCfg = Release|Any CPU
		{C3FE8ACB-688B-47E4-9E62-0EE09B0435E1}.Release|Any CPU.Build.0 = Release|Any CPU
		{07058BF9-6F86-40FF-AE33-2A4F89B5758A}.Debug|Any CPU.ActiveCfg = Debug|Any CPU
		{07058BF9-6F86-40FF-AE33-2A4F89B5758A}.Debug|Any CPU.Build.0 = Debug|Any CPU
		{07058BF9-6F86-40FF-AE33-2A4F89B5758A}.Release|Any CPU.ActiveCfg = Release|Any CPU
		{07058BF9-6F86-40FF-AE33-2A4F89B5758A}.Release|Any CPU.Build.0 = Release|Any CPU
		{EEFD875B-5D48-41F4-80FD-5FAE3725ED83}.Debug|Any CPU.ActiveCfg = Debug|Any CPU
		{EEFD875B-5D48-41F4-80FD-5FAE3725ED83}.Debug|Any CPU.Build.0 = Debug|Any CPU
		{EEFD875B-5D48-41F4-80FD-5FAE3725ED83}.Release|Any CPU.ActiveCfg = Release|Any CPU
		{EEFD875B-5D48-41F4-80FD-5FAE3725ED83}.Release|Any CPU.Build.0 = Release|Any CPU
	EndGlobalSection
	GlobalSection(SolutionProperties) = preSolution
		HideSolutionNode = FALSE
	EndGlobalSection
EndGlobal
